PODS:
  - FMDB/common (2.5)
  - FMDB/standard (2.5):
    - FMDB/common
  - Traintracks (1.0.0):
    - FMDB/standard (~> 2.5)

DEPENDENCIES:
  - Traintracks (from `https://github.com/traintracks/ios-sdk.git`)

EXTERNAL SOURCES:
  Traintracks:
    :git: https://github.com/traintracks/ios-sdk.git

CHECKOUT OPTIONS:
  Traintracks:
    :commit: 85712cad0deb6ea3aa24afd9c4c73836185aea73
    :git: https://github.com/traintracks/ios-sdk.git

SPEC CHECKSUMS:
  FMDB: 96e8f1bcc1329e269330f99770ad4285d9003e52
  Traintracks: 3410d462b9c8fd2a52e9502b74ac8aede36bb405

COCOAPODS: 0.39.0
